<?xml version="1.0" encoding="utf-8"?>
<Project ToolsVersion="4.0" xmlns="http://schemas.microsoft.com/developer/msbuild/2003">
  <ItemGroup>
    <ClCompile Include="main.cpp" />
    <ClCompile Include="monitoring_system.cpp" />
  </ItemGroup>
  <ItemGroup>
    <ClInclude Include="variables.h" />
    <ClInclude Include="resource.h" />
  </ItemGroup>
  <ItemGroup>
    <QtMoc Include="monitoring_system.h" />
  </ItemGroup>
  <ItemGroup>
    <QtUic Include="monitoring_system.ui" />
  </ItemGroup>
  <ItemGroup>
    <ResourceCompile Include="monitoring-system.rc" />
  </ItemGroup>
</Project>