<?xml version="1.0" encoding="utf-8"?>
<Project ToolsVersion="4.0" xmlns="http://schemas.microsoft.com/developer/msbuild/2003">
  <ItemGroup>
    <ClCompile Include="main.cpp" />
    <ClCompile Include="monitoringsystem.cpp" />
    <ClCompile Include="charts\chart.cpp" />
    <ClCompile Include="charts\chartview.cpp" />
  </ItemGroup>
  <ItemGroup>
    <ClInclude Include="variables.h" />
    <ClInclude Include="resource.h" />
    <ClInclude Include="charts\chart.h" />
    <ClInclude Include="charts\chartview.h" />
  </ItemGroup>
  <ItemGroup>
    <QtMoc Include="monitoringsystem.h" />
  </ItemGroup>
  <ItemGroup>
    <QtUic Include="monitoringsystem.ui" />
  </ItemGroup>
  <ItemGroup>
    <ResourceCompile Include="monitoringsystem.rc" />
  </ItemGroup>
</Project>